
Microsoft Visual Studio Solution File, Format Version 12.00
# Visual Studio 14
VisualStudioVersion = 14.0.25420.1
MinimumVisualStudioVersion = 10.0.40219.1
Project("{FAE04EC0-301F-11D3-BF4B-00C04F79EFBC}") = "DocumentWebStorage", "DocumentWebStorage\DocumentWebStorage.csproj", "{BC900D93-9E09-47BB-BB3E-CA5A0A7C9988}"
EndProject
Project("{FAE04EC0-301F-11D3-BF4B-00C04F79EFBC}") = "DocumentWebDB", "DocumentWebDB\DocumentWebDB.csproj", "{56F44152-5239-4D32-AAE4-944B00B3C9DF}"
EndProject
Global
	GlobalSection(SolutionConfigurationPlatforms) = preSolution
		Debug|Any CPU = Debug|Any CPU
		Release|Any CPU = Release|Any CPU
	EndGlobalSection
	GlobalSection(ProjectConfigurationPlatforms) = postSolution
		{BC900D93-9E09-47BB-BB3E-CA5A0A7C9988}.Debug|Any CPU.ActiveCfg = Debug|Any CPU
		{BC900D93-9E09-47BB-BB3E-CA5A0A7C9988}.Debug|Any CPU.Build.0 = Debug|Any CPU
		{BC900D93-9E09-47BB-BB3E-CA5A0A7C9988}.Release|Any CPU.ActiveCfg = Release|Any CPU
		{BC900D93-9E09-47BB-BB3E-CA5A0A7C9988}.Release|Any CPU.Build.0 = Release|Any CPU
		{56F44152-5239-4D32-AAE4-944B00B3C9DF}.Debug|Any CPU.ActiveCfg = Debug|Any CPU
		{56F44152-5239-4D32-AAE4-944B00B3C9DF}.Debug|Any CPU.Build.0 = Debug|Any CPU
		{56F44152-5239-4D32-AAE4-944B00B3C9DF}.Release|Any CPU.ActiveCfg = Release|Any CPU
		{56F44152-5239-4D32-AAE4-944B00B3C9DF}.Release|Any CPU.Build.0 = Release|Any CPU
	EndGlobalSection
	GlobalSection(SolutionProperties) = preSolution
		HideSolutionNode = FALSE
	EndGlobalSection
EndGlobal
